
Microsoft Visual Studio Solution File, Format Version 12.00
# Visual Studio 15
VisualStudioVersion = 15.0.27703.2047
MinimumVisualStudioVersion = 10.0.40219.1
Project("{9A19103F-16F7-4668-BE54-9A1E7A4F7556}") = "IdentityFramework.API", "IdenityFramework.API\IdentityFramework.API.csproj", "{8C9DE56A-1C0E-4544-A1F0-C4C71527F731}"
EndProject
Project("{9A19103F-16F7-4668-BE54-9A1E7A4F7556}") = "IdenityFramework.Cli", "IdenityFramework.Cli\IdenityFramework.Cli.csproj", "{21595DA6-E541-4704-B19C-68EBB3452EC6}"
EndProject
Project("{9A19103F-16F7-4668-BE54-9A1E7A4F7556}") = "IdentityFramework.Web", "IdentityFramework.Web\IdentityFramework.Web.csproj", "{E72B567A-244D-42DF-9356-6CD595931C91}"
EndProject
Project("{9A19103F-16F7-4668-BE54-9A1E7A4F7556}") = "IdentityFramework.Service", "IdentityFramework.Service\IdentityFramework.Service.csproj", "{F40169CF-914A-4940-891D-85AE446DCA10}"
EndProject
Project("{9A19103F-16F7-4668-BE54-9A1E7A4F7556}") = "IdentityFramework.Models", "IdentityFramework.Models\IdentityFramework.Models.csproj", "{E25AEF95-B1C2-4F2D-814E-E5EBA9C4C4B3}"
EndProject
Global
	GlobalSection(SolutionConfigurationPlatforms) = preSolution
		Debug|Any CPU = Debug|Any CPU
		Release|Any CPU = Release|Any CPU
	EndGlobalSection
	GlobalSection(ProjectConfigurationPlatforms) = postSolution
		{8C9DE56A-1C0E-4544-A1F0-C4C71527F731}.Debug|Any CPU.ActiveCfg = Debug|Any CPU
		{8C9DE56A-1C0E-4544-A1F0-C4C71527F731}.Debug|Any CPU.Build.0 = Debug|Any CPU
		{8C9DE56A-1C0E-4544-A1F0-C4C71527F731}.Release|Any CPU.ActiveCfg = Release|Any CPU
		{8C9DE56A-1C0E-4544-A1F0-C4C71527F731}.Release|Any CPU.Build.0 = Release|Any CPU
		{21595DA6-E541-4704-B19C-68EBB3452EC6}.Debug|Any CPU.ActiveCfg = Debug|Any CPU
		{21595DA6-E541-4704-B19C-68EBB3452EC6}.Debug|Any CPU.Build.0 = Debug|Any CPU
		{21595DA6-E541-4704-B19C-68EBB3452EC6}.Release|Any CPU.ActiveCfg = Release|Any CPU
		{21595DA6-E541-4704-B19C-68EBB3452EC6}.Release|Any CPU.Build.0 = Release|Any CPU
		{E72B567A-244D-42DF-9356-6CD595931C91}.Debug|Any CPU.ActiveCfg = Debug|Any CPU
		{E72B567A-244D-42DF-9356-6CD595931C91}.Debug|Any CPU.Build.0 = Debug|Any CPU
		{E72B567A-244D-42DF-9356-6CD595931C91}.Release|Any CPU.ActiveCfg = Release|Any CPU
		{E72B567A-244D-42DF-9356-6CD595931C91}.Release|Any CPU.Build.0 = Release|Any CPU
		{F40169CF-914A-4940-891D-85AE446DCA10}.Debug|Any CPU.ActiveCfg = Debug|Any CPU
		{F40169CF-914A-4940-891D-85AE446DCA10}.Debug|Any CPU.Build.0 = Debug|Any CPU
		{F40169CF-914A-4940-891D-85AE446DCA10}.Release|Any CPU.ActiveCfg = Release|Any CPU
		{F40169CF-914A-4940-891D-85AE446DCA10}.Release|Any CPU.Build.0 = Release|Any CPU
		{E25AEF95-B1C2-4F2D-814E-E5EBA9C4C4B3}.Debug|Any CPU.ActiveCfg = Debug|Any CPU
		{E25AEF95-B1C2-4F2D-814E-E5EBA9C4C4B3}.Debug|Any CPU.Build.0 = Debug|Any CPU
		{E25AEF95-B1C2-4F2D-814E-E5EBA9C4C4B3}.Release|Any CPU.ActiveCfg = Release|Any CPU
		{E25AEF95-B1C2-4F2D-814E-E5EBA9C4C4B3}.Release|Any CPU.Build.0 = Release|Any CPU
	EndGlobalSection
	GlobalSection(SolutionProperties) = preSolution
		HideSolutionNode = FALSE
	EndGlobalSection
	GlobalSection(ExtensibilityGlobals) = postSolution
		SolutionGuid = {FD97747F-3A7A-43D9-8A84-75148EF26C37}
	EndGlobalSection
EndGlobal
